
Microsoft Visual Studio Solution File, Format Version 12.00
# Visual Studio Version 17
VisualStudioVersion = 17.2.32616.157
MinimumVisualStudioVersion = 10.0.40219.1
Project("{FAE04EC0-301F-11D3-BF4B-00C04F79EFBC}") = "AppIMC", "AppIMC\AppIMC.csproj", "{40EB609B-67A2-40EA-83DE-7DD4B79D2DB7}"
EndProject
Global
	GlobalSection(SolutionConfigurationPlatforms) = preSolution
		Debug|Any CPU = Debug|Any CPU
		Release|Any CPU = Release|Any CPU
	EndGlobalSection
	GlobalSection(ProjectConfigurationPlatforms) = postSolution
		{40EB609B-67A2-40EA-83DE-7DD4B79D2DB7}.Debug|Any CPU.ActiveCfg = Debug|Any CPU
		{40EB609B-67A2-40EA-83DE-7DD4B79D2DB7}.Debug|Any CPU.Build.0 = Debug|Any CPU
		{40EB609B-67A2-40EA-83DE-7DD4B79D2DB7}.Release|Any CPU.ActiveCfg = Release|Any CPU
		{40EB609B-67A2-40EA-83DE-7DD4B79D2DB7}.Release|Any CPU.Build.0 = Release|Any CPU
	EndGlobalSection
	GlobalSection(SolutionProperties) = preSolution
		HideSolutionNode = FALSE
	EndGlobalSection
	GlobalSection(ExtensibilityGlobals) = postSolution
		SolutionGuid = {C8C5E2C4-19FB-4CA0-A704-0A19311F0439}
	EndGlobalSection
EndGlobal
